
Microsoft Visual Studio Solution File, Format Version 12.00
# Visual Studio Version 16
VisualStudioVersion = 16.0.31424.327
MinimumVisualStudioVersion = 10.0.40219.1
Project("{FAE04EC0-301F-11D3-BF4B-00C04F79EFBC}") = "FirstOne", "FirstOne\FirstOne.csproj", "{78101DC9-A2CB-43C2-8FB1-D45559EEAD53}"
EndProject
Project("{FAE04EC0-301F-11D3-BF4B-00C04F79EFBC}") = "CaseStudy", "CaseStudy\CaseStudy.csproj", "{22A0D118-E526-49F6-8F87-47851C511EFA}"
EndProject
Global
	GlobalSection(SolutionConfigurationPlatforms) = preSolution
		Debug|Any CPU = Debug|Any CPU
		Release|Any CPU = Release|Any CPU
	EndGlobalSection
	GlobalSection(ProjectConfigurationPlatforms) = postSolution
		{78101DC9-A2CB-43C2-8FB1-D45559EEAD53}.Debug|Any CPU.ActiveCfg = Debug|Any CPU
		{78101DC9-A2CB-43C2-8FB1-D45559EEAD53}.Debug|Any CPU.Build.0 = Debug|Any CPU
		{78101DC9-A2CB-43C2-8FB1-D45559EEAD53}.Release|Any CPU.ActiveCfg = Release|Any CPU
		{78101DC9-A2CB-43C2-8FB1-D45559EEAD53}.Release|Any CPU.Build.0 = Release|Any CPU
		{22A0D118-E526-49F6-8F87-47851C511EFA}.Debug|Any CPU.ActiveCfg = Debug|Any CPU
		{22A0D118-E526-49F6-8F87-47851C511EFA}.Debug|Any CPU.Build.0 = Debug|Any CPU
		{22A0D118-E526-49F6-8F87-47851C511EFA}.Release|Any CPU.ActiveCfg = Release|Any CPU
		{22A0D118-E526-49F6-8F87-47851C511EFA}.Release|Any CPU.Build.0 = Release|Any CPU
	EndGlobalSection
	GlobalSection(SolutionProperties) = preSolution
		HideSolutionNode = FALSE
	EndGlobalSection
	GlobalSection(ExtensibilityGlobals) = postSolution
		SolutionGuid = {E10C8ACC-120E-4534-BCB2-A8470B831E44}
	EndGlobalSection
EndGlobal
