
Microsoft Visual Studio Solution File, Format Version 12.00
# Visual Studio Version 16
VisualStudioVersion = 16.0.31424.327
MinimumVisualStudioVersion = 10.0.40219.1
Project("{FAE04EC0-301F-11D3-BF4B-00C04F79EFBC}") = "Assignment2", "Assignment2\Assignment2.csproj", "{12308551-62AE-4913-9A33-7B295B46641E}"
EndProject
Global
	GlobalSection(SolutionConfigurationPlatforms) = preSolution
		Debug|Any CPU = Debug|Any CPU
		Release|Any CPU = Release|Any CPU
	EndGlobalSection
	GlobalSection(ProjectConfigurationPlatforms) = postSolution
		{12308551-62AE-4913-9A33-7B295B46641E}.Debug|Any CPU.ActiveCfg = Debug|Any CPU
		{12308551-62AE-4913-9A33-7B295B46641E}.Debug|Any CPU.Build.0 = Debug|Any CPU
		{12308551-62AE-4913-9A33-7B295B46641E}.Release|Any CPU.ActiveCfg = Release|Any CPU
		{12308551-62AE-4913-9A33-7B295B46641E}.Release|Any CPU.Build.0 = Release|Any CPU
	EndGlobalSection
	GlobalSection(SolutionProperties) = preSolution
		HideSolutionNode = FALSE
	EndGlobalSection
	GlobalSection(ExtensibilityGlobals) = postSolution
		SolutionGuid = {0F3657C2-7A45-4B7B-9C05-06DF633357EE}
	EndGlobalSection
EndGlobal
